// !$*UTF8*$!
{
	archiveVersion = 1;
	classes = {
	};
	objectVersion = 56;
	objects = {

/* Begin PBXBuildFile section */
		3F1E51E42B1E343A00377835 /* CirclePartShape.swift in Sources */ = {isa = PBXBuildFile; fileRef = 3F1E51E32B1E343A00377835 /* CirclePartShape.swift */; };
		3F1E51E62B1E367F00377835 /* TransformIntoCard.swift in Sources */ = {isa = PBXBuildFile; fileRef = 3F1E51E52B1E367F00377835 /* TransformIntoCard.swift */; };
		3F8028792B1E41F400F8FF3E /* FlyingNumberView.swift in Sources */ = {isa = PBXBuildFile; fileRef = 3F8028782B1E41F400F8FF3E /* FlyingNumberView.swift */; };
		3FB31EA52ADD5BBA00703EBE /* Memory_game_v2App.swift in Sources */ = {isa = PBXBuildFile; fileRef = 3FB31EA42ADD5BBA00703EBE /* Memory_game_v2App.swift */; };
		3FB31EA72ADD5BBA00703EBE /* ContentView.swift in Sources */ = {isa = PBXBuildFile; fileRef = 3FB31EA62ADD5BBA00703EBE /* ContentView.swift */; };
		3FB31EA92ADD5BBB00703EBE /* Assets.xcassets in Resources */ = {isa = PBXBuildFile; fileRef = 3FB31EA82ADD5BBB00703EBE /* Assets.xcassets */; };
		3FB31EAC2ADD5BBB00703EBE /* Preview Assets.xcassets in Resources */ = {isa = PBXBuildFile; fileRef = 3FB31EAB2ADD5BBB00703EBE /* Preview Assets.xcassets */; };
		3FB31EB62ADD5BBB00703EBE /* Memory_game_v2Tests.swift in Sources */ = {isa = PBXBuildFile; fileRef = 3FB31EB52ADD5BBB00703EBE /* Memory_game_v2Tests.swift */; };
		3FB31EC02ADD5BBC00703EBE /* Memory_game_v2UITests.swift in Sources */ = {isa = PBXBuildFile; fileRef = 3FB31EBF2ADD5BBC00703EBE /* Memory_game_v2UITests.swift */; };
		3FB31EC22ADD5BBC00703EBE /* Memory_game_v2UITestsLaunchTests.swift in Sources */ = {isa = PBXBuildFile; fileRef = 3FB31EC12ADD5BBC00703EBE /* Memory_game_v2UITestsLaunchTests.swift */; };
		3FB31ECF2ADD5C7B00703EBE /* CardView.swift in Sources */ = {isa = PBXBuildFile; fileRef = 3FB31ECE2ADD5C7B00703EBE /* CardView.swift */; };
		3FBA3D832AFA195900A3E314 /* MemoGameModel.swift in Sources */ = {isa = PBXBuildFile; fileRef = 3FBA3D822AFA195900A3E314 /* MemoGameModel.swift */; };
		3FBA3D852AFA209100A3E314 /* MemoGameViewModel.swift in Sources */ = {isa = PBXBuildFile; fileRef = 3FBA3D842AFA209100A3E314 /* MemoGameViewModel.swift */; };
		3FBA3D872AFA24FE00A3E314 /* ThemeButton.swift in Sources */ = {isa = PBXBuildFile; fileRef = 3FBA3D862AFA24FE00A3E314 /* ThemeButton.swift */; };
/* End PBXBuildFile section */

/* Begin PBXContainerItemProxy section */
		3FB31EB22ADD5BBB00703EBE /* PBXContainerItemProxy */ = {
			isa = PBXContainerItemProxy;
			containerPortal = 3FB31E992ADD5BBA00703EBE /* Project object */;
			proxyType = 1;
			remoteGlobalIDString = 3FB31EA02ADD5BBA00703EBE;
			remoteInfo = Memory_game_v2;
		};
		3FB31EBC2ADD5BBB00703EBE /* PBXContainerItemProxy */ = {
			isa = PBXContainerItemProxy;
			containerPortal = 3FB31E992ADD5BBA00703EBE /* Project object */;
			proxyType = 1;
			remoteGlobalIDString = 3FB31EA02ADD5BBA00703EBE;
			remoteInfo = Memory_game_v2;
		};
/* End PBXContainerItemProxy section */

/* Begin PBXFileReference section */
		3F1E51E32B1E343A00377835 /* CirclePartShape.swift */ = {isa = PBXFileReference; lastKnownFileType = sourcecode.swift; path = CirclePartShape.swift; sourceTree = "<group>"; };
		3F1E51E52B1E367F00377835 /* TransformIntoCard.swift */ = {isa = PBXFileReference; lastKnownFileType = sourcecode.swift; path = TransformIntoCard.swift; sourceTree = "<group>"; };
		3F8028782B1E41F400F8FF3E /* FlyingNumberView.swift */ = {isa = PBXFileReference; lastKnownFileType = sourcecode.swift; path = FlyingNumberView.swift; sourceTree = "<group>"; };
		3FB31EA12ADD5BBA00703EBE /* Memory_game_v2.app */ = {isa = PBXFileReference; explicitFileType = wrapper.application; includeInIndex = 0; path = Memory_game_v2.app; sourceTree = BUILT_PRODUCTS_DIR; };
		3FB31EA42ADD5BBA00703EBE /* Memory_game_v2App.swift */ = {isa = PBXFileReference; lastKnownFileType = sourcecode.swift; path = Memory_game_v2App.swift; sourceTree = "<group>"; };
		3FB31EA62ADD5BBA00703EBE /* ContentView.swift */ = {isa = PBXFileReference; lastKnownFileType = sourcecode.swift; path = ContentView.swift; sourceTree = "<group>"; };
		3FB31EA82ADD5BBB00703EBE /* Assets.xcassets */ = {isa = PBXFileReference; lastKnownFileType = folder.assetcatalog; path = Assets.xcassets; sourceTree = "<group>"; };
		3FB31EAB2ADD5BBB00703EBE /* Preview Assets.xcassets */ = {isa = PBXFileReference; lastKnownFileType = folder.assetcatalog; path = "Preview Assets.xcassets"; sourceTree = "<group>"; };
		3FB31EB12ADD5BBB00703EBE /* Memory_game_v2Tests.xctest */ = {isa = PBXFileReference; explicitFileType = wrapper.cfbundle; includeInIndex = 0; path = Memory_game_v2Tests.xctest; sourceTree = BUILT_PRODUCTS_DIR; };
		3FB31EB52ADD5BBB00703EBE /* Memory_game_v2Tests.swift */ = {isa = PBXFileReference; lastKnownFileType = sourcecode.swift; path = Memory_game_v2Tests.swift; sourceTree = "<group>"; };
		3FB31EBB2ADD5BBB00703EBE /* Memory_game_v2UITests.xctest */ = {isa = PBXFileReference; explicitFileType = wrapper.cfbundle; includeInIndex = 0; path = Memory_game_v2UITests.xctest; sourceTree = BUILT_PRODUCTS_DIR; };
		3FB31EBF2ADD5BBC00703EBE /* Memory_game_v2UITests.swift */ = {isa = PBXFileReference; lastKnownFileType = sourcecode.swift; path = Memory_game_v2UITests.swift; sourceTree = "<group>"; };
		3FB31EC12ADD5BBC00703EBE /* Memory_game_v2UITestsLaunchTests.swift */ = {isa = PBXFileReference; lastKnownFileType = sourcecode.swift; path = Memory_game_v2UITestsLaunchTests.swift; sourceTree = "<group>"; };
		3FB31ECE2ADD5C7B00703EBE /* CardView.swift */ = {isa = PBXFileReference; lastKnownFileType = sourcecode.swift; path = CardView.swift; sourceTree = "<group>"; };
		3FBA3D822AFA195900A3E314 /* MemoGameModel.swift */ = {isa = PBXFileReference; lastKnownFileType = sourcecode.swift; path = MemoGameModel.swift; sourceTree = "<group>"; };
		3FBA3D842AFA209100A3E314 /* MemoGameViewModel.swift */ = {isa = PBXFileReference; lastKnownFileType = sourcecode.swift; path = MemoGameViewModel.swift; sourceTree = "<group>"; };
		3FBA3D862AFA24FE00A3E314 /* ThemeButton.swift */ = {isa = PBXFileReference; lastKnownFileType = sourcecode.swift; path = ThemeButton.swift; sourceTree = "<group>"; };
/* End PBXFileReference section */

/* Begin PBXFrameworksBuildPhase section */
		3FB31E9E2ADD5BBA00703EBE /* Frameworks */ = {
			isa = PBXFrameworksBuildPhase;
			buildActionMask = 2147483647;
			files = (
			);
			runOnlyForDeploymentPostprocessing = 0;
		};
		3FB31EAE2ADD5BBB00703EBE /* Frameworks */ = {
			isa = PBXFrameworksBuildPhase;
			buildActionMask = 2147483647;
			files = (
			);
			runOnlyForDeploymentPostprocessing = 0;
		};
		3FB31EB82ADD5BBB00703EBE /* Frameworks */ = {
			isa = PBXFrameworksBuildPhase;
			buildActionMask = 2147483647;
			files = (
			);
			runOnlyForDeploymentPostprocessing = 0;
		};
/* End PBXFrameworksBuildPhase section */

/* Begin PBXGroup section */
		3FB31E982ADD5BBA00703EBE = {
			isa = PBXGroup;
			children = (
				3FB31EA32ADD5BBA00703EBE /* Memory_game_v2 */,
				3FB31EB42ADD5BBB00703EBE /* Memory_game_v2Tests */,
				3FB31EBE2ADD5BBC00703EBE /* Memory_game_v2UITests */,
				3FB31EA22ADD5BBA00703EBE /* Products */,
			);
			sourceTree = "<group>";
		};
		3FB31EA22ADD5BBA00703EBE /* Products */ = {
			isa = PBXGroup;
			children = (
				3FB31EA12ADD5BBA00703EBE /* Memory_game_v2.app */,
				3FB31EB12ADD5BBB00703EBE /* Memory_game_v2Tests.xctest */,
				3FB31EBB2ADD5BBB00703EBE /* Memory_game_v2UITests.xctest */,
			);
			name = Products;
			sourceTree = "<group>";
		};
		3FB31EA32ADD5BBA00703EBE /* Memory_game_v2 */ = {
			isa = PBXGroup;
			children = (
				3FB31EA42ADD5BBA00703EBE /* Memory_game_v2App.swift */,
				3FB31EA62ADD5BBA00703EBE /* ContentView.swift */,
				3FB31EA82ADD5BBB00703EBE /* Assets.xcassets */,
				3FB31EAA2ADD5BBB00703EBE /* Preview Content */,
				3FB31ECE2ADD5C7B00703EBE /* CardView.swift */,
				3FBA3D822AFA195900A3E314 /* MemoGameModel.swift */,
				3FBA3D842AFA209100A3E314 /* MemoGameViewModel.swift */,
				3FBA3D862AFA24FE00A3E314 /* ThemeButton.swift */,
				3F1E51E32B1E343A00377835 /* CirclePartShape.swift */,
				3F1E51E52B1E367F00377835 /* TransformIntoCard.swift */,
				3F8028782B1E41F400F8FF3E /* FlyingNumberView.swift */,
			);
			path = Memory_game_v2;
			sourceTree = "<group>";
		};
		3FB31EAA2ADD5BBB00703EBE /* Preview Content */ = {
			isa = PBXGroup;
			children = (
				3FB31EAB2ADD5BBB00703EBE /* Preview Assets.xcassets */,
			);
			path = "Preview Content";
			sourceTree = "<group>";
		};
		3FB31EB42ADD5BBB00703EBE /* Memory_game_v2Tests */ = {
			isa = PBXGroup;
			children = (
				3FB31EB52ADD5BBB00703EBE /* Memory_game_v2Tests.swift */,
			);
			path = Memory_game_v2Tests;
			sourceTree = "<group>";
		};
		3FB31EBE2ADD5BBC00703EBE /* Memory_game_v2UITests */ = {
			isa = PBXGroup;
			children = (
				3FB31EBF2ADD5BBC00703EBE /* Memory_game_v2UITests.swift */,
				3FB31EC12ADD5BBC00703EBE /* Memory_game_v2UITestsLaunchTests.swift */,
			);
			path = Memory_game_v2UITests;
			sourceTree = "<group>";
		};
/* End PBXGroup section */

/* Begin PBXNativeTarget section */
		3FB31EA02ADD5BBA00703EBE /* Memory_game_v2 */ = {
			isa = PBXNativeTarget;
			buildConfigurationList = 3FB31EC52ADD5BBC00703EBE /* Build configuration list for PBXNativeTarget "Memory_game_v2" */;
			buildPhases = (
				3FB31E9D2ADD5BBA00703EBE /* Sources */,
				3FB31E9E2ADD5BBA00703EBE /* Frameworks */,
				3FB31E9F2ADD5BBA00703EBE /* Resources */,
			);
			buildRules = (
			);
			dependencies = (
			);
			name = Memory_game_v2;
			productName = Memory_game_v2;
			productReference = 3FB31EA12ADD5BBA00703EBE /* Memory_game_v2.app */;
			productType = "com.apple.product-type.application";
		};
		3FB31EB02ADD5BBB00703EBE /* Memory_game_v2Tests */ = {
			isa = PBXNativeTarget;
			buildConfigurationList = 3FB31EC82ADD5BBC00703EBE /* Build configuration list for PBXNativeTarget "Memory_game_v2Tests" */;
			buildPhases = (
				3FB31EAD2ADD5BBB00703EBE /* Sources */,
				3FB31EAE2ADD5BBB00703EBE /* Frameworks */,
				3FB31EAF2ADD5BBB00703EBE /* Resources */,
			);
			buildRules = (
			);
			dependencies = (
				3FB31EB32ADD5BBB00703EBE /* PBXTargetDependency */,
			);
			name = Memory_game_v2Tests;
			productName = Memory_game_v2Tests;
			productReference = 3FB31EB12ADD5BBB00703EBE /* Memory_game_v2Tests.xctest */;
			productType = "com.apple.product-type.bundle.unit-test";
		};
		3FB31EBA2ADD5BBB00703EBE /* Memory_game_v2UITests */ = {
			isa = PBXNativeTarget;
			buildConfigurationList = 3FB31ECB2ADD5BBC00703EBE /* Build configuration list for PBXNativeTarget "Memory_game_v2UITests" */;
			buildPhases = (
				3FB31EB72ADD5BBB00703EBE /* Sources */,
				3FB31EB82ADD5BBB00703EBE /* Frameworks */,
				3FB31EB92ADD5BBB00703EBE /* Resources */,
			);
			buildRules = (
			);
			dependencies = (
				3FB31EBD2ADD5BBB00703EBE /* PBXTargetDependency */,
			);
			name = Memory_game_v2UITests;
			productName = Memory_game_v2UITests;
			productReference = 3FB31EBB2ADD5BBB00703EBE /* Memory_game_v2UITests.xctest */;
			productType = "com.apple.product-type.bundle.ui-testing";
		};
/* End PBXNativeTarget section */

/* Begin PBXProject section */
		3FB31E992ADD5BBA00703EBE /* Project object */ = {
			isa = PBXProject;
			attributes = {
				BuildIndependentTargetsInParallel = 1;
				LastSwiftUpdateCheck = 1420;
				LastUpgradeCheck = 1420;
				TargetAttributes = {
					3FB31EA02ADD5BBA00703EBE = {
						CreatedOnToolsVersion = 14.2;
					};
					3FB31EB02ADD5BBB00703EBE = {
						CreatedOnToolsVersion = 14.2;
						TestTargetID = 3FB31EA02ADD5BBA00703EBE;
					};
					3FB31EBA2ADD5BBB00703EBE = {
						CreatedOnToolsVersion = 14.2;
						TestTargetID = 3FB31EA02ADD5BBA00703EBE;
					};
				};
			};
			buildConfigurationList = 3FB31E9C2ADD5BBA00703EBE /* Build configuration list for PBXProject "Memory_game_v2" */;
			compatibilityVersion = "Xcode 14.0";
			developmentRegion = en;
			hasScannedForEncodings = 0;
			knownRegions = (
				en,
				Base,
			);
			mainGroup = 3FB31E982ADD5BBA00703EBE;
			productRefGroup = 3FB31EA22ADD5BBA00703EBE /* Products */;
			projectDirPath = "";
			projectRoot = "";
			targets = (
				3FB31EA02ADD5BBA00703EBE /* Memory_game_v2 */,
				3FB31EB02ADD5BBB00703EBE /* Memory_game_v2Tests */,
				3FB31EBA2ADD5BBB00703EBE /* Memory_game_v2UITests */,
			);
		};
/* End PBXProject section */

/* Begin PBXResourcesBuildPhase section */
		3FB31E9F2ADD5BBA00703EBE /* Resources */ = {
			isa = PBXResourcesBuildPhase;
			buildActionMask = 2147483647;
			files = (
				3FB31EAC2ADD5BBB00703EBE /* Preview Assets.xcassets in Resources */,
				3FB31EA92ADD5BBB00703EBE /* Assets.xcassets in Resources */,
			);
			runOnlyForDeploymentPostprocessing = 0;
		};
		3FB31EAF2ADD5BBB00703EBE /* Resources */ = {
			isa = PBXResourcesBuildPhase;
			buildActionMask = 2147483647;
			files = (
			);
			runOnlyForDeploymentPostprocessing = 0;
		};
		3FB31EB92ADD5BBB00703EBE /* Resources */ = {
			isa = PBXResourcesBuildPhase;
			buildActionMask = 2147483647;
			files = (
			);
			runOnlyForDeploymentPostprocessing = 0;
		};
/* End PBXResourcesBuildPhase section */

/* Begin PBXSourcesBuildPhase section */
		3FB31E9D2ADD5BBA00703EBE /* Sources */ = {
			isa = PBXSourcesBuildPhase;
			buildActionMask = 2147483647;
			files = (
				3FB31EA72ADD5BBA00703EBE /* ContentView.swift in Sources */,
				3FB31ECF2ADD5C7B00703EBE /* CardView.swift in Sources */,
				3F1E51E62B1E367F00377835 /* TransformIntoCard.swift in Sources */,
				3FB31EA52ADD5BBA00703EBE /* Memory_game_v2App.swift in Sources */,
				3F8028792B1E41F400F8FF3E /* FlyingNumberView.swift in Sources */,
				3FBA3D852AFA209100A3E314 /* MemoGameViewModel.swift in Sources */,
				3F1E51E42B1E343A00377835 /* CirclePartShape.swift in Sources */,
				3FBA3D832AFA195900A3E314 /* MemoGameModel.swift in Sources */,
				3FBA3D872AFA24FE00A3E314 /* ThemeButton.swift in Sources */,
			);
			runOnlyForDeploymentPostprocessing = 0;
		};
		3FB31EAD2ADD5BBB00703EBE /* Sources */ = {
			isa = PBXSourcesBuildPhase;
			buildActionMask = 2147483647;
			files = (
				3FB31EB62ADD5BBB00703EBE /* Memory_game_v2Tests.swift in Sources */,
			);
			runOnlyForDeploymentPostprocessing = 0;
		};
		3FB31EB72ADD5BBB00703EBE /* Sources */ = {
			isa = PBXSourcesBuildPhase;
			buildActionMask = 2147483647;
			files = (
				3FB31EC02ADD5BBC00703EBE /* Memory_game_v2UITests.swift in Sources */,
				3FB31EC22ADD5BBC00703EBE /* Memory_game_v2UITestsLaunchTests.swift in Sources */,
			);
			runOnlyForDeploymentPostprocessing = 0;
		};
/* End PBXSourcesBuildPhase section */

/* Begin PBXTargetDependency section */
		3FB31EB32ADD5BBB00703EBE /* PBXTargetDependency */ = {
			isa = PBXTargetDependency;
			target = 3FB31EA02ADD5BBA00703EBE /* Memory_game_v2 */;
			targetProxy = 3FB31EB22ADD5BBB00703EBE /* PBXContainerItemProxy */;
		};
		3FB31EBD2ADD5BBB00703EBE /* PBXTargetDependency */ = {
			isa = PBXTargetDependency;
			target = 3FB31EA02ADD5BBA00703EBE /* Memory_game_v2 */;
			targetProxy = 3FB31EBC2ADD5BBB00703EBE /* PBXContainerItemProxy */;
		};
/* End PBXTargetDependency section */

/* Begin XCBuildConfiguration section */
		3FB31EC32ADD5BBC00703EBE /* Debug */ = {
			isa = XCBuildConfiguration;
			buildSettings = {
				ALWAYS_SEARCH_USER_PATHS = NO;
				CLANG_ANALYZER_NONNULL = YES;
				CLANG_ANALYZER_NUMBER_OBJECT_CONVERSION = YES_AGGRESSIVE;
				CLANG_CXX_LANGUAGE_STANDARD = "gnu++20";
				CLANG_ENABLE_MODULES = YES;
				CLANG_ENABLE_OBJC_ARC = YES;
				CLANG_ENABLE_OBJC_WEAK = YES;
				CLANG_WARN_BLOCK_CAPTURE_AUTORELEASING = YES;
				CLANG_WARN_BOOL_CONVERSION = YES;
				CLANG_WARN_COMMA = YES;
				CLANG_WARN_CONSTANT_CONVERSION = YES;
				CLANG_WARN_DEPRECATED_OBJC_IMPLEMENTATIONS = YES;
				CLANG_WARN_DIRECT_OBJC_ISA_USAGE = YES_ERROR;
				CLANG_WARN_DOCUMENTATION_COMMENTS = YES;
				CLANG_WARN_EMPTY_BODY = YES;
				CLANG_WARN_ENUM_CONVERSION = YES;
				CLANG_WARN_INFINITE_RECURSION = YES;
				CLANG_WARN_INT_CONVERSION = YES;
				CLANG_WARN_NON_LITERAL_NULL_CONVERSION = YES;
				CLANG_WARN_OBJC_IMPLICIT_RETAIN_SELF = YES;
				CLANG_WARN_OBJC_LITERAL_CONVERSION = YES;
				CLANG_WARN_OBJC_ROOT_CLASS = YES_ERROR;
				CLANG_WARN_QUOTED_INCLUDE_IN_FRAMEWORK_HEADER = YES;
				CLANG_WARN_RANGE_LOOP_ANALYSIS = YES;
				CLANG_WARN_STRICT_PROTOTYPES = YES;
				CLANG_WARN_SUSPICIOUS_MOVE = YES;
				CLANG_WARN_UNGUARDED_AVAILABILITY = YES_AGGRESSIVE;
				CLANG_WARN_UNREACHABLE_CODE = YES;
				CLANG_WARN__DUPLICATE_METHOD_MATCH = YES;
				COPY_PHASE_STRIP = NO;
				DEBUG_INFORMATION_FORMAT = dwarf;
				ENABLE_STRICT_OBJC_MSGSEND = YES;
				ENABLE_TESTABILITY = YES;
				GCC_C_LANGUAGE_STANDARD = gnu11;
				GCC_DYNAMIC_NO_PIC = NO;
				GCC_NO_COMMON_BLOCKS = YES;
				GCC_OPTIMIZATION_LEVEL = 0;
				GCC_PREPROCESSOR_DEFINITIONS = (
					"DEBUG=1",
					"$(inherited)",
				);
				GCC_WARN_64_TO_32_BIT_CONVERSION = YES;
				GCC_WARN_ABOUT_RETURN_TYPE = YES_ERROR;
				GCC_WARN_UNDECLARED_SELECTOR = YES;
				GCC_WARN_UNINITIALIZED_AUTOS = YES_AGGRESSIVE;
				GCC_WARN_UNUSED_FUNCTION = YES;
				GCC_WARN_UNUSED_VARIABLE = YES;
				IPHONEOS_DEPLOYMENT_TARGET = 16.2;
				MTL_ENABLE_DEBUG_INFO = INCLUDE_SOURCE;
				MTL_FAST_MATH = YES;
				ONLY_ACTIVE_ARCH = YES;
				SDKROOT = iphoneos;
				SWIFT_ACTIVE_COMPILATION_CONDITIONS = DEBUG;
				SWIFT_OPTIMIZATION_LEVEL = "-Onone";
			};
			name = Debug;
		};
		3FB31EC42ADD5BBC00703EBE /* Release */ = {
			isa = XCBuildConfiguration;
			buildSettings = {
				ALWAYS_SEARCH_USER_PATHS = NO;
				CLANG_ANALYZER_NONNULL = YES;
				CLANG_ANALYZER_NUMBER_OBJECT_CONVERSION = YES_AGGRESSIVE;
				CLANG_CXX_LANGUAGE_STANDARD = "gnu++20";
				CLANG_ENABLE_MODULES = YES;
				CLANG_ENABLE_OBJC_ARC = YES;
				CLANG_ENABLE_OBJC_WEAK = YES;
				CLANG_WARN_BLOCK_CAPTURE_AUTORELEASING = YES;
				CLANG_WARN_BOOL_CONVERSION = YES;
				CLANG_WARN_COMMA = YES;
				CLANG_WARN_CONSTANT_CONVERSION = YES;
				CLANG_WARN_DEPRECATED_OBJC_IMPLEMENTATIONS = YES;
				CLANG_WARN_DIRECT_OBJC_ISA_USAGE = YES_ERROR;
				CLANG_WARN_DOCUMENTATION_COMMENTS = YES;
				CLANG_WARN_EMPTY_BODY = YES;
				CLANG_WARN_ENUM_CONVERSION = YES;
				CLANG_WARN_INFINITE_RECURSION = YES;
				CLANG_WARN_INT_CONVERSION = YES;
				CLANG_WARN_NON_LITERAL_NULL_CONVERSION = YES;
				CLANG_WARN_OBJC_IMPLICIT_RETAIN_SELF = YES;
				CLANG_WARN_OBJC_LITERAL_CONVERSION = YES;
				CLANG_WARN_OBJC_ROOT_CLASS = YES_ERROR;
				CLANG_WARN_QUOTED_INCLUDE_IN_FRAMEWORK_HEADER = YES;
				CLANG_WARN_RANGE_LOOP_ANALYSIS = YES;
				CLANG_WARN_STRICT_PROTOTYPES = YES;
				CLANG_WARN_SUSPICIOUS_MOVE = YES;
				CLANG_WARN_UNGUARDED_AVAILABILITY = YES_AGGRESSIVE;
				CLANG_WARN_UNREACHABLE_CODE = YES;
				CLANG_WARN__DUPLICATE_METHOD_MATCH = YES;
				COPY_PHASE_STRIP = NO;
				DEBUG_INFORMATION_FORMAT = "dwarf-with-dsym";
				ENABLE_NS_ASSERTIONS = NO;
				ENABLE_STRICT_OBJC_MSGSEND = YES;
				GCC_C_LANGUAGE_STANDARD = gnu11;
				GCC_NO_COMMON_BLOCKS = YES;
				GCC_WARN_64_TO_32_BIT_CONVERSION = YES;
				GCC_WARN_ABOUT_RETURN_TYPE = YES_ERROR;
				GCC_WARN_UNDECLARED_SELECTOR = YES;
				GCC_WARN_UNINITIALIZED_AUTOS = YES_AGGRESSIVE;
				GCC_WARN_UNUSED_FUNCTION = YES;
				GCC_WARN_UNUSED_VARIABLE = YES;
				IPHONEOS_DEPLOYMENT_TARGET = 16.2;
				MTL_ENABLE_DEBUG_INFO = NO;
				MTL_FAST_MATH = YES;
				SDKROOT = iphoneos;
				SWIFT_COMPILATION_MODE = wholemodule;
				SWIFT_OPTIMIZATION_LEVEL = "-O";
				VALIDATE_PRODUCT = YES;
			};
			name = Release;
		};
		3FB31EC62ADD5BBC00703EBE /* Debug */ = {
			isa = XCBuildConfiguration;
			buildSettings = {
				ASSETCATALOG_COMPILER_APPICON_NAME = AppIcon;
				ASSETCATALOG_COMPILER_GLOBAL_ACCENT_COLOR_NAME = AccentColor;
				CODE_SIGN_STYLE = Automatic;
				CURRENT_PROJECT_VERSION = 1;
				DEVELOPMENT_ASSET_PATHS = "\"Memory_game_v2/Preview Content\"";
				ENABLE_PREVIEWS = YES;
				GENERATE_INFOPLIST_FILE = YES;
				INFOPLIST_KEY_UIApplicationSceneManifest_Generation = YES;
				INFOPLIST_KEY_UIApplicationSupportsIndirectInputEvents = YES;
				INFOPLIST_KEY_UILaunchScreen_Generation = YES;
				INFOPLIST_KEY_UISupportedInterfaceOrientations_iPad = "UIInterfaceOrientationPortrait UIInterfaceOrientationPortraitUpsideDown UIInterfaceOrientationLandscapeLeft UIInterfaceOrientationLandscapeRight";
				INFOPLIST_KEY_UISupportedInterfaceOrientations_iPhone = "UIInterfaceOrientationPortrait UIInterfaceOrientationLandscapeLeft UIInterfaceOrientationLandscapeRight";
				LD_RUNPATH_SEARCH_PATHS = (
					"$(inherited)",
					"@executable_path/Frameworks",
				);
				MARKETING_VERSION = 1.0;
				PRODUCT_BUNDLE_IDENTIFIER = "student.Memory-game-v2";
				PRODUCT_NAME = "$(TARGET_NAME)";
				SWIFT_EMIT_LOC_STRINGS = YES;
				SWIFT_VERSION = 5.0;
				TARGETED_DEVICE_FAMILY = "1,2";
			};
			name = Debug;
		};
		3FB31EC72ADD5BBC00703EBE /* Release */ = {
			isa = XCBuildConfiguration;
			buildSettings = {
				ASSETCATALOG_COMPILER_APPICON_NAME = AppIcon;
				ASSETCATALOG_COMPILER_GLOBAL_ACCENT_COLOR_NAME = AccentColor;
				CODE_SIGN_STYLE = Automatic;
				CURRENT_PROJECT_VERSION = 1;
				DEVELOPMENT_ASSET_PATHS = "\"Memory_game_v2/Preview Content\"";
				ENABLE_PREVIEWS = YES;
				GENERATE_INFOPLIST_FILE = YES;
				INFOPLIST_KEY_UIApplicationSceneManifest_Generation = YES;
				INFOPLIST_KEY_UIApplicationSupportsIndirectInputEvents = YES;
				INFOPLIST_KEY_UILaunchScreen_Generation = YES;
				INFOPLIST_KEY_UISupportedInterfaceOrientations_iPad = "UIInterfaceOrientationPortrait UIInterfaceOrientationPortraitUpsideDown UIInterfaceOrientationLandscapeLeft UIInterfaceOrientationLandscapeRight";
				INFOPLIST_KEY_UISupportedInterfaceOrientations_iPhone = "UIInterfaceOrientationPortrait UIInterfaceOrientationLandscapeLeft UIInterfaceOrientationLandscapeRight";
				LD_RUNPATH_SEARCH_PATHS = (
					"$(inherited)",
					"@executable_path/Frameworks",
				);
				MARKETING_VERSION = 1.0;
				PRODUCT_BUNDLE_IDENTIFIER = "student.Memory-game-v2";
				PRODUCT_NAME = "$(TARGET_NAME)";
				SWIFT_EMIT_LOC_STRINGS = YES;
				SWIFT_VERSION = 5.0;
				TARGETED_DEVICE_FAMILY = "1,2";
			};
			name = Release;
		};
		3FB31EC92ADD5BBC00703EBE /* Debug */ = {
			isa = XCBuildConfiguration;
			buildSettings = {
				ALWAYS_EMBED_SWIFT_STANDARD_LIBRARIES = YES;
				BUNDLE_LOADER = "$(TEST_HOST)";
				CODE_SIGN_STYLE = Automatic;
				CURRENT_PROJECT_VERSION = 1;
				GENERATE_INFOPLIST_FILE = YES;
				IPHONEOS_DEPLOYMENT_TARGET = 16.2;
				MARKETING_VERSION = 1.0;
				PRODUCT_BUNDLE_IDENTIFIER = "student.Memory-game-v2Tests";
				PRODUCT_NAME = "$(TARGET_NAME)";
				SWIFT_EMIT_LOC_STRINGS = NO;
				SWIFT_VERSION = 5.0;
				TARGETED_DEVICE_FAMILY = "1,2";
				TEST_HOST = "$(BUILT_PRODUCTS_DIR)/Memory_game_v2.app/$(BUNDLE_EXECUTABLE_FOLDER_PATH)/Memory_game_v2";
			};
			name = Debug;
		};
		3FB31ECA2ADD5BBC00703EBE /* Release */ = {
			isa = XCBuildConfiguration;
			buildSettings = {
				ALWAYS_EMBED_SWIFT_STANDARD_LIBRARIES = YES;
				BUNDLE_LOADER = "$(TEST_HOST)";
				CODE_SIGN_STYLE = Automatic;
				CURRENT_PROJECT_VERSION = 1;
				GENERATE_INFOPLIST_FILE = YES;
				IPHONEOS_DEPLOYMENT_TARGET = 16.2;
				MARKETING_VERSION = 1.0;
				PRODUCT_BUNDLE_IDENTIFIER = "student.Memory-game-v2Tests";
				PRODUCT_NAME = "$(TARGET_NAME)";
				SWIFT_EMIT_LOC_STRINGS = NO;
				SWIFT_VERSION = 5.0;
				TARGETED_DEVICE_FAMILY = "1,2";
				TEST_HOST = "$(BUILT_PRODUCTS_DIR)/Memory_game_v2.app/$(BUNDLE_EXECUTABLE_FOLDER_PATH)/Memory_game_v2";
			};
			name = Release;
		};
		3FB31ECC2ADD5BBC00703EBE /* Debug */ = {
			isa = XCBuildConfiguration;
			buildSettings = {
				ALWAYS_EMBED_SWIFT_STANDARD_LIBRARIES = YES;
				CODE_SIGN_STYLE = Automatic;
				CURRENT_PROJECT_VERSION = 1;
				GENERATE_INFOPLIST_FILE = YES;
				MARKETING_VERSION = 1.0;
				PRODUCT_BUNDLE_IDENTIFIER = "student.Memory-game-v2UITests";
				PRODUCT_NAME = "$(TARGET_NAME)";
				SWIFT_EMIT_LOC_STRINGS = NO;
				SWIFT_VERSION = 5.0;
				TARGETED_DEVICE_FAMILY = "1,2";
				TEST_TARGET_NAME = Memory_game_v2;
			};
			name = Debug;
		};
		3FB31ECD2ADD5BBC00703EBE /* Release */ = {
			isa = XCBuildConfiguration;
			buildSettings = {
				ALWAYS_EMBED_SWIFT_STANDARD_LIBRARIES = YES;
				CODE_SIGN_STYLE = Automatic;
				CURRENT_PROJECT_VERSION = 1;
				GENERATE_INFOPLIST_FILE = YES;
				MARKETING_VERSION = 1.0;
				PRODUCT_BUNDLE_IDENTIFIER = "student.Memory-game-v2UITests";
				PRODUCT_NAME = "$(TARGET_NAME)";
				SWIFT_EMIT_LOC_STRINGS = NO;
				SWIFT_VERSION = 5.0;
				TARGETED_DEVICE_FAMILY = "1,2";
				TEST_TARGET_NAME = Memory_game_v2;
			};
			name = Release;
		};
/* End XCBuildConfiguration section */

/* Begin XCConfigurationList section */
		3FB31E9C2ADD5BBA00703EBE /* Build configuration list for PBXProject "Memory_game_v2" */ = {
			isa = XCConfigurationList;
			buildConfigurations = (
				3FB31EC32ADD5BBC00703EBE /* Debug */,
				3FB31EC42ADD5BBC00703EBE /* Release */,
			);
			defaultConfigurationIsVisible = 0;
			defaultConfigurationName = Release;
		};
		3FB31EC52ADD5BBC00703EBE /* Build configuration list for PBXNativeTarget "Memory_game_v2" */ = {
			isa = XCConfigurationList;
			buildConfigurations = (
				3FB31EC62ADD5BBC00703EBE /* Debug */,
				3FB31EC72ADD5BBC00703EBE /* Release */,
			);
			defaultConfigurationIsVisible = 0;
			defaultConfigurationName = Release;
		};
		3FB31EC82ADD5BBC00703EBE /* Build configuration list for PBXNativeTarget "Memory_game_v2Tests" */ = {
			isa = XCConfigurationList;
			buildConfigurations = (
				3FB31EC92ADD5BBC00703EBE /* Debug */,
				3FB31ECA2ADD5BBC00703EBE /* Release */,
			);
			defaultConfigurationIsVisible = 0;
			defaultConfigurationName = Release;
		};
		3FB31ECB2ADD5BBC00703EBE /* Build configuration list for PBXNativeTarget "Memory_game_v2UITests" */ = {
			isa = XCConfigurationList;
			buildConfigurations = (
				3FB31ECC2ADD5BBC00703EBE /* Debug */,
				3FB31ECD2ADD5BBC00703EBE /* Release */,
			);
			defaultConfigurationIsVisible = 0;
			defaultConfigurationName = Release;
		};
/* End XCConfigurationList section */
	};
	rootObject = 3FB31E992ADD5BBA00703EBE /* Project object */;
}
